
Microsoft Visual Studio Solution File, Format Version 12.00
# Visual Studio Version 17
VisualStudioVersion = 17.12.35707.178 d17.12
MinimumVisualStudioVersion = 10.0.40219.1
Project("{FAE04EC0-301F-11D3-BF4B-00C04F79EFBC}") = "BasicCalculator", "BasicCalculator\BasicCalculator.csproj", "{997BB91F-2D18-4B54-B99E-738F0DC993EB}"
EndProject
Project("{FAE04EC0-301F-11D3-BF4B-00C04F79EFBC}") = "CalculatorPrivateAssembly", "CalculatorPrivateAssembly\CalculatorPrivateAssembly.csproj", "{CA0F9B69-4E3B-4B8C-9956-FC52B9E49725}"
EndProject
Global
	GlobalSection(SolutionConfigurationPlatforms) = preSolution
		Debug|Any CPU = Debug|Any CPU
		Release|Any CPU = Release|Any CPU
	EndGlobalSection
	GlobalSection(ProjectConfigurationPlatforms) = postSolution
		{997BB91F-2D18-4B54-B99E-738F0DC993EB}.Debug|Any CPU.ActiveCfg = Debug|Any CPU
		{997BB91F-2D18-4B54-B99E-738F0DC993EB}.Debug|Any CPU.Build.0 = Debug|Any CPU
		{997BB91F-2D18-4B54-B99E-738F0DC993EB}.Release|Any CPU.ActiveCfg = Release|Any CPU
		{997BB91F-2D18-4B54-B99E-738F0DC993EB}.Release|Any CPU.Build.0 = Release|Any CPU
		{CA0F9B69-4E3B-4B8C-9956-FC52B9E49725}.Debug|Any CPU.ActiveCfg = Debug|Any CPU
		{CA0F9B69-4E3B-4B8C-9956-FC52B9E49725}.Debug|Any CPU.Build.0 = Debug|Any CPU
		{CA0F9B69-4E3B-4B8C-9956-FC52B9E49725}.Release|Any CPU.ActiveCfg = Release|Any CPU
		{CA0F9B69-4E3B-4B8C-9956-FC52B9E49725}.Release|Any CPU.Build.0 = Release|Any CPU
	EndGlobalSection
	GlobalSection(SolutionProperties) = preSolution
		HideSolutionNode = FALSE
	EndGlobalSection
EndGlobal
